
Microsoft Visual Studio Solution File, Format Version 12.00
# Visual Studio Version 17
VisualStudioVersion = 17.11.35327.3
MinimumVisualStudioVersion = 10.0.40219.1
Project("{FAE04EC0-301F-11D3-BF4B-00C04F79EFBC}") = "Odev", "Odev\Odev.csproj", "{9073E9CC-0568-4110-BE1D-06C2005D109E}"
EndProject
Global
	GlobalSection(SolutionConfigurationPlatforms) = preSolution
		Debug|Any CPU = Debug|Any CPU
		Release|Any CPU = Release|Any CPU
	EndGlobalSection
	GlobalSection(ProjectConfigurationPlatforms) = postSolution
		{9073E9CC-0568-4110-BE1D-06C2005D109E}.Debug|Any CPU.ActiveCfg = Debug|Any CPU
		{9073E9CC-0568-4110-BE1D-06C2005D109E}.Debug|Any CPU.Build.0 = Debug|Any CPU
		{9073E9CC-0568-4110-BE1D-06C2005D109E}.Release|Any CPU.ActiveCfg = Release|Any CPU
		{9073E9CC-0568-4110-BE1D-06C2005D109E}.Release|Any CPU.Build.0 = Release|Any CPU
	EndGlobalSection
	GlobalSection(SolutionProperties) = preSolution
		HideSolutionNode = FALSE
	EndGlobalSection
	GlobalSection(ExtensibilityGlobals) = postSolution
		SolutionGuid = {170B18E7-883B-4293-8BD4-AB82C4B0F6C0}
	EndGlobalSection
EndGlobal
